
Microsoft Visual Studio Solution File, Format Version 12.00
# Visual Studio Version 17
VisualStudioVersion = 17.6.33829.357
MinimumVisualStudioVersion = 10.0.40219.1
Project("{FAE04EC0-301F-11D3-BF4B-00C04F79EFBC}") = "capsohuahon", "capsohuahon\capsohuahon.csproj", "{72BD630A-4791-43E2-9AD4-A5C7B3B3E721}"
EndProject
Global
	GlobalSection(SolutionConfigurationPlatforms) = preSolution
		Debug|Any CPU = Debug|Any CPU
		Release|Any CPU = Release|Any CPU
	EndGlobalSection
	GlobalSection(ProjectConfigurationPlatforms) = postSolution
		{72BD630A-4791-43E2-9AD4-A5C7B3B3E721}.Debug|Any CPU.ActiveCfg = Debug|Any CPU
		{72BD630A-4791-43E2-9AD4-A5C7B3B3E721}.Debug|Any CPU.Build.0 = Debug|Any CPU
		{72BD630A-4791-43E2-9AD4-A5C7B3B3E721}.Release|Any CPU.ActiveCfg = Release|Any CPU
		{72BD630A-4791-43E2-9AD4-A5C7B3B3E721}.Release|Any CPU.Build.0 = Release|Any CPU
	EndGlobalSection
	GlobalSection(SolutionProperties) = preSolution
		HideSolutionNode = FALSE
	EndGlobalSection
	GlobalSection(ExtensibilityGlobals) = postSolution
		SolutionGuid = {449A7A19-D05B-401B-9BA3-7E73E8B7E7D0}
	EndGlobalSection
EndGlobal
